// !$*UTF8*$!
{
	archiveVersion = 1;
	classes = {
	};
	objectVersion = 46;
	objects = {

/* Begin PBXBuildFile section */
		56C3DE6C1D45A2B000CE238B /* AppDelegate.swift in Sources */ = {isa = PBXBuildFile; fileRef = 56C3DE6B1D45A2B000CE238B /* AppDelegate.swift */; };
		56C3DE6E1D45A2B000CE238B /* ViewController.swift in Sources */ = {isa = PBXBuildFile; fileRef = 56C3DE6D1D45A2B000CE238B /* ViewController.swift */; };
		56C3DE711D45A2B000CE238B /* Main.storyboard in Resources */ = {isa = PBXBuildFile; fileRef = 56C3DE6F1D45A2B000CE238B /* Main.storyboard */; };
		56C3DE731D45A2B000CE238B /* Assets.xcassets in Resources */ = {isa = PBXBuildFile; fileRef = 56C3DE721D45A2B000CE238B /* Assets.xcassets */; };
		56C3DE761D45A2B000CE238B /* LaunchScreen.storyboard in Resources */ = {isa = PBXBuildFile; fileRef = 56C3DE741D45A2B000CE238B /* LaunchScreen.storyboard */; };
		56C3DE7E1D45A38600CE238B /* SwiftDropdownToaster.swift in Sources */ = {isa = PBXBuildFile; fileRef = 56C3DE7D1D45A38600CE238B /* SwiftDropdownToaster.swift */; };
/* End PBXBuildFile section */

/* Begin PBXFileReference section */
		56C3DE681D45A2AF00CE238B /* SwiftDropdownToasterDemo.app */ = {isa = PBXFileReference; explicitFileType = wrapper.application; includeInIndex = 0; path = SwiftDropdownToasterDemo.app; sourceTree = BUILT_PRODUCTS_DIR; };
		56C3DE6B1D45A2B000CE238B /* AppDelegate.swift */ = {isa = PBXFileReference; lastKnownFileType = sourcecode.swift; path = AppDelegate.swift; sourceTree = "<group>"; };
		56C3DE6D1D45A2B000CE238B /* ViewController.swift */ = {isa = PBXFileReference; lastKnownFileType = sourcecode.swift; path = ViewController.swift; sourceTree = "<group>"; };
		56C3DE701D45A2B000CE238B /* Base */ = {isa = PBXFileReference; lastKnownFileType = file.storyboard; name = Base; path = Base.lproj/Main.storyboard; sourceTree = "<group>"; };
		56C3DE721D45A2B000CE238B /* Assets.xcassets */ = {isa = PBXFileReference; lastKnownFileType = folder.assetcatalog; path = Assets.xcassets; sourceTree = "<group>"; };
		56C3DE751D45A2B000CE238B /* Base */ = {isa = PBXFileReference; lastKnownFileType = file.storyboard; name = Base; path = Base.lproj/LaunchScreen.storyboard; sourceTree = "<group>"; };
		56C3DE771D45A2B000CE238B /* Info.plist */ = {isa = PBXFileReference; lastKnownFileType = text.plist.xml; path = Info.plist; sourceTree = "<group>"; };
		56C3DE7D1D45A38600CE238B /* SwiftDropdownToaster.swift */ = {isa = PBXFileReference; fileEncoding = 4; lastKnownFileType = sourcecode.swift; path = SwiftDropdownToaster.swift; sourceTree = "<group>"; };
/* End PBXFileReference section */

/* Begin PBXFrameworksBuildPhase section */
		56C3DE651D45A2AF00CE238B /* Frameworks */ = {
			isa = PBXFrameworksBuildPhase;
			buildActionMask = 2147483647;
			files = (
			);
			runOnlyForDeploymentPostprocessing = 0;
		};
/* End PBXFrameworksBuildPhase section */

/* Begin PBXGroup section */
		56C3DE5F1D45A2AF00CE238B = {
			isa = PBXGroup;
			children = (
				56C3DE6A1D45A2AF00CE238B /* SwiftDropdownToasterDemo */,
				56C3DE691D45A2AF00CE238B /* Products */,
			);
			sourceTree = "<group>";
		};
		56C3DE691D45A2AF00CE238B /* Products */ = {
			isa = PBXGroup;
			children = (
				56C3DE681D45A2AF00CE238B /* SwiftDropdownToasterDemo.app */,
			);
			name = Products;
			sourceTree = "<group>";
		};
		56C3DE6A1D45A2AF00CE238B /* SwiftDropdownToasterDemo */ = {
			isa = PBXGroup;
			children = (
				56C3DE7D1D45A38600CE238B /* SwiftDropdownToaster.swift */,
				56C3DE6B1D45A2B000CE238B /* AppDelegate.swift */,
				56C3DE6D1D45A2B000CE238B /* ViewController.swift */,
				56C3DE6F1D45A2B000CE238B /* Main.storyboard */,
				56C3DE721D45A2B000CE238B /* Assets.xcassets */,
				56C3DE741D45A2B000CE238B /* LaunchScreen.storyboard */,
				56C3DE771D45A2B000CE238B /* Info.plist */,
			);
			path = SwiftDropdownToasterDemo;
			sourceTree = "<group>";
		};
/* End PBXGroup section */

/* Begin PBXNativeTarget section */
		56C3DE671D45A2AF00CE238B /* SwiftDropdownToasterDemo */ = {
			isa = PBXNativeTarget;
			buildConfigurationList = 56C3DE7A1D45A2B000CE238B /* Build configuration list for PBXNativeTarget "SwiftDropdownToasterDemo" */;
			buildPhases = (
				56C3DE641D45A2AF00CE238B /* Sources */,
				56C3DE651D45A2AF00CE238B /* Frameworks */,
				56C3DE661D45A2AF00CE238B /* Resources */,
			);
			buildRules = (
			);
			dependencies = (
			);
			name = SwiftDropdownToasterDemo;
			productName = SwiftDropdownToasterDemo;
			productReference = 56C3DE681D45A2AF00CE238B /* SwiftDropdownToasterDemo.app */;
			productType = "com.apple.product-type.application";
		};
/* End PBXNativeTarget section */

/* Begin PBXProject section */
		56C3DE601D45A2AF00CE238B /* Project object */ = {
			isa = PBXProject;
			attributes = {
				LastSwiftUpdateCheck = 0730;
				LastUpgradeCheck = 0730;
				ORGANIZATIONNAME = "Charles Wong";
				TargetAttributes = {
					56C3DE671D45A2AF00CE238B = {
						CreatedOnToolsVersion = 7.3.1;
					};
				};
			};
			buildConfigurationList = 56C3DE631D45A2AF00CE238B /* Build configuration list for PBXProject "SwiftDropdownToasterDemo" */;
			compatibilityVersion = "Xcode 3.2";
			developmentRegion = English;
			hasScannedForEncodings = 0;
			knownRegions = (
				en,
				Base,
			);
			mainGroup = 56C3DE5F1D45A2AF00CE238B;
			productRefGroup = 56C3DE691D45A2AF00CE238B /* Products */;
			projectDirPath = "";
			projectRoot = "";
			targets = (
				56C3DE671D45A2AF00CE238B /* SwiftDropdownToasterDemo */,
			);
		};
/* End PBXProject section */

/* Begin PBXResourcesBuildPhase section */
		56C3DE661D45A2AF00CE238B /* Resources */ = {
			isa = PBXResourcesBuildPhase;
			buildActionMask = 2147483647;
			files = (
				56C3DE761D45A2B000CE238B /* LaunchScreen.storyboard in Resources */,
				56C3DE731D45A2B000CE238B /* Assets.xcassets in Resources */,
				56C3DE711D45A2B000CE238B /* Main.storyboard in Resources */,
			);
			runOnlyForDeploymentPostprocessing = 0;
		};
/* End PBXResourcesBuildPhase section */

/* Begin PBXSourcesBuildPhase section */
		56C3DE641D45A2AF00CE238B /* Sources */ = {
			isa = PBXSourcesBuildPhase;
			buildActionMask = 2147483647;
			files = (
				56C3DE6E1D45A2B000CE238B /* ViewController.swift in Sources */,
				56C3DE7E1D45A38600CE238B /* SwiftDropdownToaster.swift in Sources */,
				56C3DE6C1D45A2B000CE238B /* AppDelegate.swift in Sources */,
			);
			runOnlyForDeploymentPostprocessing = 0;
		};
/* End PBXSourcesBuildPhase section */

/* Begin PBXVariantGroup section */
		56C3DE6F1D45A2B000CE238B /* Main.storyboard */ = {
			isa = PBXVariantGroup;
			children = (
				56C3DE701D45A2B000CE238B /* Base */,
			);
			name = Main.storyboard;
			sourceTree = "<group>";
		};
		56C3DE741D45A2B000CE238B /* LaunchScreen.storyboard */ = {
			isa = PBXVariantGroup;
			children = (
				56C3DE751D45A2B000CE238B /* Base */,
			);
			name = LaunchScreen.storyboard;
			sourceTree = "<group>";
		};
/* End PBXVariantGroup section */

/* Begin XCBuildConfiguration section */
		56C3DE781D45A2B000CE238B /* Debug */ = {
			isa = XCBuildConfiguration;
			buildSettings = {
				ALWAYS_SEARCH_USER_PATHS = NO;
				CLANG_ANALYZER_NONNULL = YES;
				CLANG_CXX_LANGUAGE_STANDARD = "gnu++0x";
				CLANG_CXX_LIBRARY = "libc++";
				CLANG_ENABLE_MODULES = YES;
				CLANG_ENABLE_OBJC_ARC = YES;
				CLANG_WARN_BOOL_CONVERSION = YES;
				CLANG_WARN_CONSTANT_CONVERSION = YES;
				CLANG_WARN_DIRECT_OBJC_ISA_USAGE = YES_ERROR;
				CLANG_WARN_EMPTY_BODY = YES;
				CLANG_WARN_ENUM_CONVERSION = YES;
				CLANG_WARN_INT_CONVERSION = YES;
				CLANG_WARN_OBJC_ROOT_CLASS = YES_ERROR;
				CLANG_WARN_UNREACHABLE_CODE = YES;
				CLANG_WARN__DUPLICATE_METHOD_MATCH = YES;
				"CODE_SIGN_IDENTITY[sdk=iphoneos*]" = "iPhone Developer";
				COPY_PHASE_STRIP = NO;
				DEBUG_INFORMATION_FORMAT = dwarf;
				ENABLE_STRICT_OBJC_MSGSEND = YES;
				ENABLE_TESTABILITY = YES;
				GCC_C_LANGUAGE_STANDARD = gnu99;
				GCC_DYNAMIC_NO_PIC = NO;
				GCC_NO_COMMON_BLOCKS = YES;
				GCC_OPTIMIZATION_LEVEL = 0;
				GCC_PREPROCESSOR_DEFINITIONS = (
					"DEBUG=1",
					"$(inherited)",
				);
				GCC_WARN_64_TO_32_BIT_CONVERSION = YES;
				GCC_WARN_ABOUT_RETURN_TYPE = YES_ERROR;
				GCC_WARN_UNDECLARED_SELECTOR = YES;
				GCC_WARN_UNINITIALIZED_AUTOS = YES_AGGRESSIVE;
				GCC_WARN_UNUSED_FUNCTION = YES;
				GCC_WARN_UNUSED_VARIABLE = YES;
				IPHONEOS_DEPLOYMENT_TARGET = 9.3;
				MTL_ENABLE_DEBUG_INFO = YES;
				ONLY_ACTIVE_ARCH = YES;
				SDKROOT = iphoneos;
				SWIFT_OPTIMIZATION_LEVEL = "-Onone";
				TARGETED_DEVICE_FAMILY = "1,2";
			};
			name = Debug;
		};
		56C3DE791D45A2B000CE238B /* Release */ = {
			isa = XCBuildConfiguration;
			buildSettings = {
				ALWAYS_SEARCH_USER_PATHS = NO;
				CLANG_ANALYZER_NONNULL = YES;
				CLANG_CXX_LANGUAGE_STANDARD = "gnu++0x";
				CLANG_CXX_LIBRARY = "libc++";
				CLANG_ENABLE_MODULES = YES;
				CLANG_ENABLE_OBJC_ARC = YES;
				CLANG_WARN_BOOL_CONVERSION = YES;
				CLANG_WARN_CONSTANT_CONVERSION = YES;
				CLANG_WARN_DIRECT_OBJC_ISA_USAGE = YES_ERROR;
				CLANG_WARN_EMPTY_BODY = YES;
				CLANG_WARN_ENUM_CONVERSION = YES;
				CLANG_WARN_INT_CONVERSION = YES;
				CLANG_WARN_OBJC_ROOT_CLASS = YES_ERROR;
				CLANG_WARN_UNREACHABLE_CODE = YES;
				CLANG_WARN__DUPLICATE_METHOD_MATCH = YES;
				"CODE_SIGN_IDENTITY[sdk=iphoneos*]" = "iPhone Developer";
				COPY_PHASE_STRIP = NO;
				DEBUG_INFORMATION_FORMAT = "dwarf-with-dsym";
				ENABLE_NS_ASSERTIONS = NO;
				ENABLE_STRICT_OBJC_MSGSEND = YES;
				GCC_C_LANGUAGE_STANDARD = gnu99;
				GCC_NO_COMMON_BLOCKS = YES;
				GCC_WARN_64_TO_32_BIT_CONVERSION = YES;
				GCC_WARN_ABOUT_RETURN_TYPE = YES_ERROR;
				GCC_WARN_UNDECLARED_SELECTOR = YES;
				GCC_WARN_UNINITIALIZED_AUTOS = YES_AGGRESSIVE;
				GCC_WARN_UNUSED_FUNCTION = YES;
				GCC_WARN_UNUSED_VARIABLE = YES;
				IPHONEOS_DEPLOYMENT_TARGET = 9.3;
				MTL_ENABLE_DEBUG_INFO = NO;
				SDKROOT = iphoneos;
				TARGETED_DEVICE_FAMILY = "1,2";
				VALIDATE_PRODUCT = YES;
			};
			name = Release;
		};
		56C3DE7B1D45A2B000CE238B /* Debug */ = {
			isa = XCBuildConfiguration;
			buildSettings = {
				ASSETCATALOG_COMPILER_APPICON_NAME = AppIcon;
				INFOPLIST_FILE = SwiftDropdownToasterDemo/Info.plist;
				LD_RUNPATH_SEARCH_PATHS = "$(inherited) @executable_path/Frameworks";
				PRODUCT_BUNDLE_IDENTIFIER = me.charleswong.SwiftDropdownToasterDemo;
				PRODUCT_NAME = "$(TARGET_NAME)";
			};
			name = Debug;
		};
		56C3DE7C1D45A2B000CE238B /* Release */ = {
			isa = XCBuildConfiguration;
			buildSettings = {
				ASSETCATALOG_COMPILER_APPICON_NAME = AppIcon;
				INFOPLIST_FILE = SwiftDropdownToasterDemo/Info.plist;
				LD_RUNPATH_SEARCH_PATHS = "$(inherited) @executable_path/Frameworks";
				PRODUCT_BUNDLE_IDENTIFIER = me.charleswong.SwiftDropdownToasterDemo;
				PRODUCT_NAME = "$(TARGET_NAME)";
			};
			name = Release;
		};
/* End XCBuildConfiguration section */

/* Begin XCConfigurationList section */
		56C3DE631D45A2AF00CE238B /* Build configuration list for PBXProject "SwiftDropdownToasterDemo" */ = {
			isa = XCConfigurationList;
			buildConfigurations = (
				56C3DE781D45A2B000CE238B /* Debug */,
				56C3DE791D45A2B000CE238B /* Release */,
			);
			defaultConfigurationIsVisible = 0;
			defaultConfigurationName = Release;
		};
		56C3DE7A1D45A2B000CE238B /* Build configuration list for PBXNativeTarget "SwiftDropdownToasterDemo" */ = {
			isa = XCConfigurationList;
			buildConfigurations = (
				56C3DE7B1D45A2B000CE238B /* Debug */,
				56C3DE7C1D45A2B000CE238B /* Release */,
			);
			defaultConfigurationIsVisible = 0;
			defaultConfigurationName = Release;
		};
/* End XCConfigurationList section */
	};
	rootObject = 56C3DE601D45A2AF00CE238B /* Project object */;
}
